
Microsoft Visual Studio Solution File, Format Version 12.00

Project("{2150E333-8FDC-42A3-9474-1A3956D46DE8}") = "metadata", ".\", "{F1A57014-71CE-4032-A652-01B7E35E14DB}"
	ProjectSection(SolutionItems) = preProject
		.gitignore = .gitignore
		README.md = README.md
		stylecop.json = stylecop.json
		stylecop.ruleset = stylecop.ruleset
		Directory.Build.props = Directory.Build.props
	EndProjectSection
EndProject

Global
	GlobalSection(SolutionConfigurationPlatforms) = preSolution
		Debug|Any CPU = Debug|Any CPU
		Release|Any CPU = Release|Any CPU
	EndGlobalSection
	GlobalSection(ProjectConfigurationPlatforms) = postSolution
	EndGlobalSection
	GlobalSection(NestedProjects) = preSolution
	EndGlobalSection
EndGlobal
