
Microsoft Visual Studio Solution File, Format Version 12.00

Project("{2150E333-8FDC-42A3-9474-1A3956D46DE8}") = "metadata", ".\", "{F1A57014-71CE-4032-A652-01B7E35E14DB}"
	ProjectSection(SolutionItems) = preProject
		.gitignore = .gitignore
		README.md = README.md
		stylecop.json = stylecop.json
		stylecop.ruleset = stylecop.ruleset
		Directory.Build.props = Directory.Build.props
	EndProjectSection
EndProject

Project("{FAE04EC0-301F-11D3-BF4B-00C04F79EFBC}") = "Remora.Behaviours", "Remora.Behaviours\Remora.Behaviours.csproj", "{FD5352E8-FB94-410B-8A7F-CF30AB0122AF}"
EndProject
Project("{FAE04EC0-301F-11D3-BF4B-00C04F79EFBC}") = "Remora.Plugins.Abstractions", "Plugins\Remora.Plugins.Abstractions\Remora.Plugins.Abstractions.csproj", "{92E67D9B-3DE1-4993-BA7F-FC7B1C44A440}"
EndProject
Project("{FAE04EC0-301F-11D3-BF4B-00C04F79EFBC}") = "Remora.Plugins", "Plugins\Remora.Plugins\Remora.Plugins.csproj", "{16322162-B3D2-44BE-98C9-C16A081580F6}"
EndProject
Project("{2150E333-8FDC-42A3-9474-1A3956D46DE8}") = "Plugins", "Plugins", "{D2D8C63A-1F40-4AD4-BB0E-9D1CD9F9A83C}"
EndProject
Project("{2150E333-8FDC-42A3-9474-1A3956D46DE8}") = "Markdown", "Markdown", "{04166B5E-B7A9-4555-A287-05991EC1D78C}"
EndProject
Project("{FAE04EC0-301F-11D3-BF4B-00C04F79EFBC}") = "Remora.Markdown", "Markdown\Remora.Markdown\Remora.Markdown.csproj", "{D9B04F8A-D277-469D-A0FC-6D2A92D6C19A}"
EndProject
Global
	GlobalSection(SolutionConfigurationPlatforms) = preSolution
		Debug|Any CPU = Debug|Any CPU
		Release|Any CPU = Release|Any CPU
	EndGlobalSection
	GlobalSection(ProjectConfigurationPlatforms) = postSolution
		{FD5352E8-FB94-410B-8A7F-CF30AB0122AF}.Debug|Any CPU.ActiveCfg = Debug|Any CPU
		{FD5352E8-FB94-410B-8A7F-CF30AB0122AF}.Debug|Any CPU.Build.0 = Debug|Any CPU
		{FD5352E8-FB94-410B-8A7F-CF30AB0122AF}.Release|Any CPU.ActiveCfg = Release|Any CPU
		{FD5352E8-FB94-410B-8A7F-CF30AB0122AF}.Release|Any CPU.Build.0 = Release|Any CPU
		{92E67D9B-3DE1-4993-BA7F-FC7B1C44A440}.Debug|Any CPU.ActiveCfg = Debug|Any CPU
		{92E67D9B-3DE1-4993-BA7F-FC7B1C44A440}.Debug|Any CPU.Build.0 = Debug|Any CPU
		{92E67D9B-3DE1-4993-BA7F-FC7B1C44A440}.Release|Any CPU.ActiveCfg = Release|Any CPU
		{92E67D9B-3DE1-4993-BA7F-FC7B1C44A440}.Release|Any CPU.Build.0 = Release|Any CPU
		{16322162-B3D2-44BE-98C9-C16A081580F6}.Debug|Any CPU.ActiveCfg = Debug|Any CPU
		{16322162-B3D2-44BE-98C9-C16A081580F6}.Debug|Any CPU.Build.0 = Debug|Any CPU
		{16322162-B3D2-44BE-98C9-C16A081580F6}.Release|Any CPU.ActiveCfg = Release|Any CPU
		{16322162-B3D2-44BE-98C9-C16A081580F6}.Release|Any CPU.Build.0 = Release|Any CPU
		{D9B04F8A-D277-469D-A0FC-6D2A92D6C19A}.Debug|Any CPU.ActiveCfg = Debug|Any CPU
		{D9B04F8A-D277-469D-A0FC-6D2A92D6C19A}.Debug|Any CPU.Build.0 = Debug|Any CPU
		{D9B04F8A-D277-469D-A0FC-6D2A92D6C19A}.Release|Any CPU.ActiveCfg = Release|Any CPU
		{D9B04F8A-D277-469D-A0FC-6D2A92D6C19A}.Release|Any CPU.Build.0 = Release|Any CPU
	EndGlobalSection
	GlobalSection(NestedProjects) = preSolution
		{16322162-B3D2-44BE-98C9-C16A081580F6} = {D2D8C63A-1F40-4AD4-BB0E-9D1CD9F9A83C}
		{92E67D9B-3DE1-4993-BA7F-FC7B1C44A440} = {D2D8C63A-1F40-4AD4-BB0E-9D1CD9F9A83C}
		{D9B04F8A-D277-469D-A0FC-6D2A92D6C19A} = {04166B5E-B7A9-4555-A287-05991EC1D78C}
	EndGlobalSection
EndGlobal
