
Microsoft Visual Studio Solution File, Format Version 12.00

Project("{2150E333-8FDC-42A3-9474-1A3956D46DE8}") = "metadata", ".\", "{F1A57014-71CE-4032-A652-01B7E35E14DB}"
	ProjectSection(SolutionItems) = preProject
		.gitignore = .gitignore
		README.md = README.md
		stylecop.json = stylecop.json
		stylecop.ruleset = stylecop.ruleset
		Directory.Build.props = Directory.Build.props
	EndProjectSection
EndProject

Project("{FAE04EC0-301F-11D3-BF4B-00C04F79EFBC}") = "Remora.Behaviours", "Remora.Behaviours\Remora.Behaviours.csproj", "{FD5352E8-FB94-410B-8A7F-CF30AB0122AF}"
EndProject
Project("{FAE04EC0-301F-11D3-BF4B-00C04F79EFBC}") = "Remora.Plugins.Abstractions", "Plugins\Remora.Plugins.Abstractions\Remora.Plugins.Abstractions.csproj", "{92E67D9B-3DE1-4993-BA7F-FC7B1C44A440}"
EndProject
Project("{FAE04EC0-301F-11D3-BF4B-00C04F79EFBC}") = "Remora.Plugins", "Plugins\Remora.Plugins\Remora.Plugins.csproj", "{16322162-B3D2-44BE-98C9-C16A081580F6}"
EndProject
Project("{FAE04EC0-301F-11D3-BF4B-00C04F79EFBC}") = "Remora.EntityFrameworkCore.Modular", "EntityFrameworkCore\Remora.EntityFrameworkCore.Modular\Remora.EntityFrameworkCore.Modular.csproj", "{F23D857E-C2A7-4BDF-8EF8-8BAB3D0D2592}"
EndProject
Project("{FAE04EC0-301F-11D3-BF4B-00C04F79EFBC}") = "Remora.Results.Abstractions", "Remora.Results.Abstractions\Remora.Results.Abstractions.csproj", "{B9377912-9280-48DA-8492-DFEC9F190935}"
EndProject
Project("{FAE04EC0-301F-11D3-BF4B-00C04F79EFBC}") = "Remora.Results", "Remora.Results\Remora.Results.csproj", "{751BD927-2D82-4EB2-B7DE-8E506A7A95C8}"
EndProject
Project("{2150E333-8FDC-42A3-9474-1A3956D46DE8}") = "Discord", "Discord", "{D7B29741-3241-4D19-B111-3A05B8E67CD0}"
EndProject
Project("{2150E333-8FDC-42A3-9474-1A3956D46DE8}") = "EntityFrameworkCore", "EntityFrameworkCore", "{FEEC261B-959B-46E5-A0A7-7F1B25068BE9}"
EndProject
Project("{2150E333-8FDC-42A3-9474-1A3956D46DE8}") = "Plugins", "Plugins", "{D2D8C63A-1F40-4AD4-BB0E-9D1CD9F9A83C}"
EndProject
Project("{FAE04EC0-301F-11D3-BF4B-00C04F79EFBC}") = "Remora.Discord.Behaviours", "Discord\Remora.Discord.Behaviours\Remora.Discord.Behaviours.csproj", "{6F3AE981-D3F1-441A-BDBB-DE1FC158600C}"
EndProject
Global
	GlobalSection(SolutionConfigurationPlatforms) = preSolution
		Debug|Any CPU = Debug|Any CPU
		Release|Any CPU = Release|Any CPU
	EndGlobalSection
	GlobalSection(ProjectConfigurationPlatforms) = postSolution
		{FD5352E8-FB94-410B-8A7F-CF30AB0122AF}.Debug|Any CPU.ActiveCfg = Debug|Any CPU
		{FD5352E8-FB94-410B-8A7F-CF30AB0122AF}.Debug|Any CPU.Build.0 = Debug|Any CPU
		{FD5352E8-FB94-410B-8A7F-CF30AB0122AF}.Release|Any CPU.ActiveCfg = Release|Any CPU
		{FD5352E8-FB94-410B-8A7F-CF30AB0122AF}.Release|Any CPU.Build.0 = Release|Any CPU
		{92E67D9B-3DE1-4993-BA7F-FC7B1C44A440}.Debug|Any CPU.ActiveCfg = Debug|Any CPU
		{92E67D9B-3DE1-4993-BA7F-FC7B1C44A440}.Debug|Any CPU.Build.0 = Debug|Any CPU
		{92E67D9B-3DE1-4993-BA7F-FC7B1C44A440}.Release|Any CPU.ActiveCfg = Release|Any CPU
		{92E67D9B-3DE1-4993-BA7F-FC7B1C44A440}.Release|Any CPU.Build.0 = Release|Any CPU
		{16322162-B3D2-44BE-98C9-C16A081580F6}.Debug|Any CPU.ActiveCfg = Debug|Any CPU
		{16322162-B3D2-44BE-98C9-C16A081580F6}.Debug|Any CPU.Build.0 = Debug|Any CPU
		{16322162-B3D2-44BE-98C9-C16A081580F6}.Release|Any CPU.ActiveCfg = Release|Any CPU
		{16322162-B3D2-44BE-98C9-C16A081580F6}.Release|Any CPU.Build.0 = Release|Any CPU
		{F23D857E-C2A7-4BDF-8EF8-8BAB3D0D2592}.Debug|Any CPU.ActiveCfg = Debug|Any CPU
		{F23D857E-C2A7-4BDF-8EF8-8BAB3D0D2592}.Debug|Any CPU.Build.0 = Debug|Any CPU
		{F23D857E-C2A7-4BDF-8EF8-8BAB3D0D2592}.Release|Any CPU.ActiveCfg = Release|Any CPU
		{F23D857E-C2A7-4BDF-8EF8-8BAB3D0D2592}.Release|Any CPU.Build.0 = Release|Any CPU
		{B9377912-9280-48DA-8492-DFEC9F190935}.Debug|Any CPU.ActiveCfg = Debug|Any CPU
		{B9377912-9280-48DA-8492-DFEC9F190935}.Debug|Any CPU.Build.0 = Debug|Any CPU
		{B9377912-9280-48DA-8492-DFEC9F190935}.Release|Any CPU.ActiveCfg = Release|Any CPU
		{B9377912-9280-48DA-8492-DFEC9F190935}.Release|Any CPU.Build.0 = Release|Any CPU
		{751BD927-2D82-4EB2-B7DE-8E506A7A95C8}.Debug|Any CPU.ActiveCfg = Debug|Any CPU
		{751BD927-2D82-4EB2-B7DE-8E506A7A95C8}.Debug|Any CPU.Build.0 = Debug|Any CPU
		{751BD927-2D82-4EB2-B7DE-8E506A7A95C8}.Release|Any CPU.ActiveCfg = Release|Any CPU
		{751BD927-2D82-4EB2-B7DE-8E506A7A95C8}.Release|Any CPU.Build.0 = Release|Any CPU
		{6F3AE981-D3F1-441A-BDBB-DE1FC158600C}.Debug|Any CPU.ActiveCfg = Debug|Any CPU
		{6F3AE981-D3F1-441A-BDBB-DE1FC158600C}.Debug|Any CPU.Build.0 = Debug|Any CPU
		{6F3AE981-D3F1-441A-BDBB-DE1FC158600C}.Release|Any CPU.ActiveCfg = Release|Any CPU
		{6F3AE981-D3F1-441A-BDBB-DE1FC158600C}.Release|Any CPU.Build.0 = Release|Any CPU
	EndGlobalSection
	GlobalSection(NestedProjects) = preSolution
		{F23D857E-C2A7-4BDF-8EF8-8BAB3D0D2592} = {FEEC261B-959B-46E5-A0A7-7F1B25068BE9}
		{16322162-B3D2-44BE-98C9-C16A081580F6} = {D2D8C63A-1F40-4AD4-BB0E-9D1CD9F9A83C}
		{92E67D9B-3DE1-4993-BA7F-FC7B1C44A440} = {D2D8C63A-1F40-4AD4-BB0E-9D1CD9F9A83C}
		{6F3AE981-D3F1-441A-BDBB-DE1FC158600C} = {D7B29741-3241-4D19-B111-3A05B8E67CD0}
	EndGlobalSection
EndGlobal
